github.com/swethabhageerath/utilities v1.0.1 h1:Sw9+yLoY73hXIpzZKUaXULb80ndladnpb9VWjJpg87c=
github.com/swethabhageerath/utilities v1.0.1/go.mod h1:1OdGZ3ukDwiycKXXoWo5Q+QsuWfK+XWcZGoD+CHKLP8=
github.com/swethabhageerath/utilities v1.0.3 h1:LvJy9kPSGAecI8Odk8Bf6U3MgTHT3nLfn9JMznlBoB4=
github.com/swethabhageerath/utilities v1.0.3/go.mod h1:1OdGZ3ukDwiycKXXoWo5Q+QsuWfK+XWcZGoD+CHKLP8=
github.com/swethabhageerath/utilities v1.0.4 h1:XYRHm3uG49/WoDzCkkSJ8/Jw/D2nFqNcp1Pc0XYySjA=
github.com/swethabhageerath/utilities v1.0.4/go.mod h1:1OdGZ3ukDwiycKXXoWo5Q+QsuWfK+XWcZGoD+CHKLP8=
